// !$*UTF8*$!
{
	archiveVersion = 1;
	classes = {
	};
	objectVersion = 50;
	objects = {

/* Begin PBXBuildFile section */
		6F6CA51B215BEDE4005CE4D1 /* AppDelegate.swift in Sources */ = {isa = PBXBuildFile; fileRef = 6F6CA51A215BEDE4005CE4D1 /* AppDelegate.swift */; };
		6F6CA51D215BEDE4005CE4D1 /* TodoListTableViewController.swift in Sources */ = {isa = PBXBuildFile; fileRef = 6F6CA51C215BEDE4005CE4D1 /* TodoListTableViewController.swift */; };
		6F6CA520215BEDE4005CE4D1 /* Main.storyboard in Resources */ = {isa = PBXBuildFile; fileRef = 6F6CA51E215BEDE4005CE4D1 /* Main.storyboard */; };
		6F6CA522215BEDE9005CE4D1 /* Assets.xcassets in Resources */ = {isa = PBXBuildFile; fileRef = 6F6CA521215BEDE9005CE4D1 /* Assets.xcassets */; };
		6F6CA525215BEDE9005CE4D1 /* LaunchScreen.storyboard in Resources */ = {isa = PBXBuildFile; fileRef = 6F6CA523215BEDE9005CE4D1 /* LaunchScreen.storyboard */; };
		6F6CA534215D7355005CE4D1 /* .gitignore in Resources */ = {isa = PBXBuildFile; fileRef = 6F6CA533215D7355005CE4D1 /* .gitignore */; };
		6F6CA536215D741F005CE4D1 /* Item.swift in Sources */ = {isa = PBXBuildFile; fileRef = 6F6CA535215D741F005CE4D1 /* Item.swift */; };
/* End PBXBuildFile section */

/* Begin PBXFileReference section */
		6F6CA517215BEDE4005CE4D1 /* Todoyeh.app */ = {isa = PBXFileReference; explicitFileType = wrapper.application; includeInIndex = 0; path = Todoyeh.app; sourceTree = BUILT_PRODUCTS_DIR; };
		6F6CA51A215BEDE4005CE4D1 /* AppDelegate.swift */ = {isa = PBXFileReference; lastKnownFileType = sourcecode.swift; path = AppDelegate.swift; sourceTree = "<group>"; };
		6F6CA51C215BEDE4005CE4D1 /* TodoListTableViewController.swift */ = {isa = PBXFileReference; lastKnownFileType = sourcecode.swift; path = TodoListTableViewController.swift; sourceTree = "<group>"; };
		6F6CA51F215BEDE4005CE4D1 /* Base */ = {isa = PBXFileReference; lastKnownFileType = file.storyboard; name = Base; path = Base.lproj/Main.storyboard; sourceTree = "<group>"; };
		6F6CA521215BEDE9005CE4D1 /* Assets.xcassets */ = {isa = PBXFileReference; lastKnownFileType = folder.assetcatalog; path = Assets.xcassets; sourceTree = "<group>"; };
		6F6CA524215BEDE9005CE4D1 /* Base */ = {isa = PBXFileReference; lastKnownFileType = file.storyboard; name = Base; path = Base.lproj/LaunchScreen.storyboard; sourceTree = "<group>"; };
		6F6CA526215BEDE9005CE4D1 /* Info.plist */ = {isa = PBXFileReference; lastKnownFileType = text.plist.xml; path = Info.plist; sourceTree = "<group>"; };
		6F6CA533215D7355005CE4D1 /* .gitignore */ = {isa = PBXFileReference; fileEncoding = 4; lastKnownFileType = text; path = .gitignore; sourceTree = SOURCE_ROOT; };
		6F6CA535215D741F005CE4D1 /* Item.swift */ = {isa = PBXFileReference; fileEncoding = 4; lastKnownFileType = sourcecode.swift; name = Item.swift; path = Todoyeh/Model/Item.swift; sourceTree = SOURCE_ROOT; };
/* End PBXFileReference section */

/* Begin PBXFrameworksBuildPhase section */
		6F6CA514215BEDE4005CE4D1 /* Frameworks */ = {
			isa = PBXFrameworksBuildPhase;
			buildActionMask = 2147483647;
			files = (
			);
			runOnlyForDeploymentPostprocessing = 0;
		};
/* End PBXFrameworksBuildPhase section */

/* Begin PBXGroup section */
		6F6CA50E215BEDE4005CE4D1 = {
			isa = PBXGroup;
			children = (
				6F6CA519215BEDE4005CE4D1 /* Todoyeh */,
				6F6CA518215BEDE4005CE4D1 /* Products */,
			);
			sourceTree = "<group>";
		};
		6F6CA518215BEDE4005CE4D1 /* Products */ = {
			isa = PBXGroup;
			children = (
				6F6CA517215BEDE4005CE4D1 /* Todoyeh.app */,
			);
			name = Products;
			sourceTree = "<group>";
		};
		6F6CA519215BEDE4005CE4D1 /* Todoyeh */ = {
			isa = PBXGroup;
			children = (
				6F6CA51A215BEDE4005CE4D1 /* AppDelegate.swift */,
				6F6CA531215C1194005CE4D1 /* Model */,
				6F6CA52D215C115C005CE4D1 /* Controller */,
				6F6CA52E215C116C005CE4D1 /* View */,
				6F6CA532215C11AC005CE4D1 /* Supporting Files */,
				6F6CA526215BEDE9005CE4D1 /* Info.plist */,
			);
			path = Todoyeh;
			sourceTree = "<group>";
		};
		6F6CA52D215C115C005CE4D1 /* Controller */ = {
			isa = PBXGroup;
			children = (
				6F6CA51C215BEDE4005CE4D1 /* TodoListTableViewController.swift */,
			);
			path = Controller;
			sourceTree = "<group>";
		};
		6F6CA52E215C116C005CE4D1 /* View */ = {
			isa = PBXGroup;
			children = (
				6F6CA51E215BEDE4005CE4D1 /* Main.storyboard */,
				6F6CA523215BEDE9005CE4D1 /* LaunchScreen.storyboard */,
			);
			path = View;
			sourceTree = "<group>";
		};
		6F6CA531215C1194005CE4D1 /* Model */ = {
			isa = PBXGroup;
			children = (
				6F6CA535215D741F005CE4D1 /* Item.swift */,
			);
			name = Model;
			path = "New Group";
			sourceTree = "<group>";
		};
		6F6CA532215C11AC005CE4D1 /* Supporting Files */ = {
			isa = PBXGroup;
			children = (
				6F6CA533215D7355005CE4D1 /* .gitignore */,
				6F6CA521215BEDE9005CE4D1 /* Assets.xcassets */,
			);
			path = "Supporting Files";
			sourceTree = "<group>";
		};
/* End PBXGroup section */

/* Begin PBXNativeTarget section */
		6F6CA516215BEDE4005CE4D1 /* Todoyeh */ = {
			isa = PBXNativeTarget;
			buildConfigurationList = 6F6CA529215BEDE9005CE4D1 /* Build configuration list for PBXNativeTarget "Todoyeh" */;
			buildPhases = (
				6F6CA513215BEDE4005CE4D1 /* Sources */,
				6F6CA514215BEDE4005CE4D1 /* Frameworks */,
				6F6CA515215BEDE4005CE4D1 /* Resources */,
			);
			buildRules = (
			);
			dependencies = (
			);
			name = Todoyeh;
			productName = Todoyeh;
			productReference = 6F6CA517215BEDE4005CE4D1 /* Todoyeh.app */;
			productType = "com.apple.product-type.application";
		};
/* End PBXNativeTarget section */

/* Begin PBXProject section */
		6F6CA50F215BEDE4005CE4D1 /* Project object */ = {
			isa = PBXProject;
			attributes = {
				LastSwiftUpdateCheck = 1000;
				LastUpgradeCheck = 1000;
				ORGANIZATIONNAME = laza;
				TargetAttributes = {
					6F6CA516215BEDE4005CE4D1 = {
						CreatedOnToolsVersion = 10.0;
					};
				};
			};
			buildConfigurationList = 6F6CA512215BEDE4005CE4D1 /* Build configuration list for PBXProject "Todoyeh" */;
			compatibilityVersion = "Xcode 9.3";
			developmentRegion = en;
			hasScannedForEncodings = 0;
			knownRegions = (
				en,
				Base,
			);
			mainGroup = 6F6CA50E215BEDE4005CE4D1;
			productRefGroup = 6F6CA518215BEDE4005CE4D1 /* Products */;
			projectDirPath = "";
			projectRoot = "";
			targets = (
				6F6CA516215BEDE4005CE4D1 /* Todoyeh */,
			);
		};
/* End PBXProject section */

/* Begin PBXResourcesBuildPhase section */
		6F6CA515215BEDE4005CE4D1 /* Resources */ = {
			isa = PBXResourcesBuildPhase;
			buildActionMask = 2147483647;
			files = (
				6F6CA534215D7355005CE4D1 /* .gitignore in Resources */,
				6F6CA525215BEDE9005CE4D1 /* LaunchScreen.storyboard in Resources */,
				6F6CA522215BEDE9005CE4D1 /* Assets.xcassets in Resources */,
				6F6CA520215BEDE4005CE4D1 /* Main.storyboard in Resources */,
			);
			runOnlyForDeploymentPostprocessing = 0;
		};
/* End PBXResourcesBuildPhase section */

/* Begin PBXSourcesBuildPhase section */
		6F6CA513215BEDE4005CE4D1 /* Sources */ = {
			isa = PBXSourcesBuildPhase;
			buildActionMask = 2147483647;
			files = (
				6F6CA51D215BEDE4005CE4D1 /* TodoListTableViewController.swift in Sources */,
				6F6CA536215D741F005CE4D1 /* Item.swift in Sources */,
				6F6CA51B215BEDE4005CE4D1 /* AppDelegate.swift in Sources */,
			);
			runOnlyForDeploymentPostprocessing = 0;
		};
/* End PBXSourcesBuildPhase section */

/* Begin PBXVariantGroup section */
		6F6CA51E215BEDE4005CE4D1 /* Main.storyboard */ = {
			isa = PBXVariantGroup;
			children = (
				6F6CA51F215BEDE4005CE4D1 /* Base */,
			);
			name = Main.storyboard;
			sourceTree = "<group>";
		};
		6F6CA523215BEDE9005CE4D1 /* LaunchScreen.storyboard */ = {
			isa = PBXVariantGroup;
			children = (
				6F6CA524215BEDE9005CE4D1 /* Base */,
			);
			name = LaunchScreen.storyboard;
			sourceTree = "<group>";
		};
/* End PBXVariantGroup section */

/* Begin XCBuildConfiguration section */
		6F6CA527215BEDE9005CE4D1 /* Debug */ = {
			isa = XCBuildConfiguration;
			buildSettings = {
				ALWAYS_SEARCH_USER_PATHS = NO;
				CLANG_ANALYZER_NONNULL = YES;
				CLANG_ANALYZER_NUMBER_OBJECT_CONVERSION = YES_AGGRESSIVE;
				CLANG_CXX_LANGUAGE_STANDARD = "gnu++14";
				CLANG_CXX_LIBRARY = "libc++";
				CLANG_ENABLE_MODULES = YES;
				CLANG_ENABLE_OBJC_ARC = YES;
				CLANG_ENABLE_OBJC_WEAK = YES;
				CLANG_WARN_BLOCK_CAPTURE_AUTORELEASING = YES;
				CLANG_WARN_BOOL_CONVERSION = YES;
				CLANG_WARN_COMMA = YES;
				CLANG_WARN_CONSTANT_CONVERSION = YES;
				CLANG_WARN_DEPRECATED_OBJC_IMPLEMENTATIONS = YES;
				CLANG_WARN_DIRECT_OBJC_ISA_USAGE = YES_ERROR;
				CLANG_WARN_DOCUMENTATION_COMMENTS = YES;
				CLANG_WARN_EMPTY_BODY = YES;
				CLANG_WARN_ENUM_CONVERSION = YES;
				CLANG_WARN_INFINITE_RECURSION = YES;
				CLANG_WARN_INT_CONVERSION = YES;
				CLANG_WARN_NON_LITERAL_NULL_CONVERSION = YES;
				CLANG_WARN_OBJC_IMPLICIT_RETAIN_SELF = YES;
				CLANG_WARN_OBJC_LITERAL_CONVERSION = YES;
				CLANG_WARN_OBJC_ROOT_CLASS = YES_ERROR;
				CLANG_WARN_RANGE_LOOP_ANALYSIS = YES;
				CLANG_WARN_STRICT_PROTOTYPES = YES;
				CLANG_WARN_SUSPICIOUS_MOVE = YES;
				CLANG_WARN_UNGUARDED_AVAILABILITY = YES_AGGRESSIVE;
				CLANG_WARN_UNREACHABLE_CODE = YES;
				CLANG_WARN__DUPLICATE_METHOD_MATCH = YES;
				CODE_SIGN_IDENTITY = "iPhone Developer";
				COPY_PHASE_STRIP = NO;
				DEBUG_INFORMATION_FORMAT = dwarf;
				ENABLE_STRICT_OBJC_MSGSEND = YES;
				ENABLE_TESTABILITY = YES;
				GCC_C_LANGUAGE_STANDARD = gnu11;
				GCC_DYNAMIC_NO_PIC = NO;
				GCC_NO_COMMON_BLOCKS = YES;
				GCC_OPTIMIZATION_LEVEL = 0;
				GCC_PREPROCESSOR_DEFINITIONS = (
					"DEBUG=1",
					"$(inherited)",
				);
				GCC_WARN_64_TO_32_BIT_CONVERSION = YES;
				GCC_WARN_ABOUT_RETURN_TYPE = YES_ERROR;
				GCC_WARN_UNDECLARED_SELECTOR = YES;
				GCC_WARN_UNINITIALIZED_AUTOS = YES_AGGRESSIVE;
				GCC_WARN_UNUSED_FUNCTION = YES;
				GCC_WARN_UNUSED_VARIABLE = YES;
				IPHONEOS_DEPLOYMENT_TARGET = 12.0;
				MTL_ENABLE_DEBUG_INFO = INCLUDE_SOURCE;
				MTL_FAST_MATH = YES;
				ONLY_ACTIVE_ARCH = YES;
				SDKROOT = iphoneos;
				SWIFT_ACTIVE_COMPILATION_CONDITIONS = DEBUG;
				SWIFT_OPTIMIZATION_LEVEL = "-Onone";
			};
			name = Debug;
		};
		6F6CA528215BEDE9005CE4D1 /* Release */ = {
			isa = XCBuildConfiguration;
			buildSettings = {
				ALWAYS_SEARCH_USER_PATHS = NO;
				CLANG_ANALYZER_NONNULL = YES;
				CLANG_ANALYZER_NUMBER_OBJECT_CONVERSION = YES_AGGRESSIVE;
				CLANG_CXX_LANGUAGE_STANDARD = "gnu++14";
				CLANG_CXX_LIBRARY = "libc++";
				CLANG_ENABLE_MODULES = YES;
				CLANG_ENABLE_OBJC_ARC = YES;
				CLANG_ENABLE_OBJC_WEAK = YES;
				CLANG_WARN_BLOCK_CAPTURE_AUTORELEASING = YES;
				CLANG_WARN_BOOL_CONVERSION = YES;
				CLANG_WARN_COMMA = YES;
				CLANG_WARN_CONSTANT_CONVERSION = YES;
				CLANG_WARN_DEPRECATED_OBJC_IMPLEMENTATIONS = YES;
				CLANG_WARN_DIRECT_OBJC_ISA_USAGE = YES_ERROR;
				CLANG_WARN_DOCUMENTATION_COMMENTS = YES;
				CLANG_WARN_EMPTY_BODY = YES;
				CLANG_WARN_ENUM_CONVERSION = YES;
				CLANG_WARN_INFINITE_RECURSION = YES;
				CLANG_WARN_INT_CONVERSION = YES;
				CLANG_WARN_NON_LITERAL_NULL_CONVERSION = YES;
				CLANG_WARN_OBJC_IMPLICIT_RETAIN_SELF = YES;
				CLANG_WARN_OBJC_LITERAL_CONVERSION = YES;
				CLANG_WARN_OBJC_ROOT_CLASS = YES_ERROR;
				CLANG_WARN_RANGE_LOOP_ANALYSIS = YES;
				CLANG_WARN_STRICT_PROTOTYPES = YES;
				CLANG_WARN_SUSPICIOUS_MOVE = YES;
				CLANG_WARN_UNGUARDED_AVAILABILITY = YES_AGGRESSIVE;
				CLANG_WARN_UNREACHABLE_CODE = YES;
				CLANG_WARN__DUPLICATE_METHOD_MATCH = YES;
				CODE_SIGN_IDENTITY = "iPhone Developer";
				COPY_PHASE_STRIP = NO;
				DEBUG_INFORMATION_FORMAT = "dwarf-with-dsym";
				ENABLE_NS_ASSERTIONS = NO;
				ENABLE_STRICT_OBJC_MSGSEND = YES;
				GCC_C_LANGUAGE_STANDARD = gnu11;
				GCC_NO_COMMON_BLOCKS = YES;
				GCC_WARN_64_TO_32_BIT_CONVERSION = YES;
				GCC_WARN_ABOUT_RETURN_TYPE = YES_ERROR;
				GCC_WARN_UNDECLARED_SELECTOR = YES;
				GCC_WARN_UNINITIALIZED_AUTOS = YES_AGGRESSIVE;
				GCC_WARN_UNUSED_FUNCTION = YES;
				GCC_WARN_UNUSED_VARIABLE = YES;
				IPHONEOS_DEPLOYMENT_TARGET = 12.0;
				MTL_ENABLE_DEBUG_INFO = NO;
				MTL_FAST_MATH = YES;
				SDKROOT = iphoneos;
				SWIFT_COMPILATION_MODE = wholemodule;
				SWIFT_OPTIMIZATION_LEVEL = "-O";
				VALIDATE_PRODUCT = YES;
			};
			name = Release;
		};
		6F6CA52A215BEDE9005CE4D1 /* Debug */ = {
			isa = XCBuildConfiguration;
			buildSettings = {
				ASSETCATALOG_COMPILER_APPICON_NAME = AppIcon;
				CODE_SIGN_STYLE = Automatic;
				DEVELOPMENT_TEAM = X3EN3SB9Z8;
				INFOPLIST_FILE = Todoyeh/Info.plist;
				LD_RUNPATH_SEARCH_PATHS = (
					"$(inherited)",
					"@executable_path/Frameworks",
				);
				PRODUCT_BUNDLE_IDENTIFIER = laza.Todoyeh;
				PRODUCT_NAME = "$(TARGET_NAME)";
				SWIFT_VERSION = 4.2;
				TARGETED_DEVICE_FAMILY = "1,2";
			};
			name = Debug;
		};
		6F6CA52B215BEDE9005CE4D1 /* Release */ = {
			isa = XCBuildConfiguration;
			buildSettings = {
				ASSETCATALOG_COMPILER_APPICON_NAME = AppIcon;
				CODE_SIGN_STYLE = Automatic;
				DEVELOPMENT_TEAM = X3EN3SB9Z8;
				INFOPLIST_FILE = Todoyeh/Info.plist;
				LD_RUNPATH_SEARCH_PATHS = (
					"$(inherited)",
					"@executable_path/Frameworks",
				);
				PRODUCT_BUNDLE_IDENTIFIER = laza.Todoyeh;
				PRODUCT_NAME = "$(TARGET_NAME)";
				SWIFT_VERSION = 4.2;
				TARGETED_DEVICE_FAMILY = "1,2";
			};
			name = Release;
		};
/* End XCBuildConfiguration section */

/* Begin XCConfigurationList section */
		6F6CA512215BEDE4005CE4D1 /* Build configuration list for PBXProject "Todoyeh" */ = {
			isa = XCConfigurationList;
			buildConfigurations = (
				6F6CA527215BEDE9005CE4D1 /* Debug */,
				6F6CA528215BEDE9005CE4D1 /* Release */,
			);
			defaultConfigurationIsVisible = 0;
			defaultConfigurationName = Release;
		};
		6F6CA529215BEDE9005CE4D1 /* Build configuration list for PBXNativeTarget "Todoyeh" */ = {
			isa = XCConfigurationList;
			buildConfigurations = (
				6F6CA52A215BEDE9005CE4D1 /* Debug */,
				6F6CA52B215BEDE9005CE4D1 /* Release */,
			);
			defaultConfigurationIsVisible = 0;
			defaultConfigurationName = Release;
		};
/* End XCConfigurationList section */
	};
	rootObject = 6F6CA50F215BEDE4005CE4D1 /* Project object */;
}
